
Microsoft Visual Studio Solution File, Format Version 12.00
# Visual Studio Version 17
VisualStudioVersion = 17.4.33213.308
MinimumVisualStudioVersion = 10.0.40219.1
Project("{FAE04EC0-301F-11D3-BF4B-00C04F79EFBC}") = "PasswordGe-Ster", "PasswordGe-Ster\PasswordGe-Ster.csproj", "{1F5D9B6D-1B08-4966-816F-266D2886987A}"
EndProject
Global
	GlobalSection(SolutionConfigurationPlatforms) = preSolution
		Debug|Any CPU = Debug|Any CPU
		Release|Any CPU = Release|Any CPU
	EndGlobalSection
	GlobalSection(ProjectConfigurationPlatforms) = postSolution
		{1F5D9B6D-1B08-4966-816F-266D2886987A}.Debug|Any CPU.ActiveCfg = Debug|Any CPU
		{1F5D9B6D-1B08-4966-816F-266D2886987A}.Debug|Any CPU.Build.0 = Debug|Any CPU
		{1F5D9B6D-1B08-4966-816F-266D2886987A}.Release|Any CPU.ActiveCfg = Release|Any CPU
		{1F5D9B6D-1B08-4966-816F-266D2886987A}.Release|Any CPU.Build.0 = Release|Any CPU
	EndGlobalSection
	GlobalSection(SolutionProperties) = preSolution
		HideSolutionNode = FALSE
	EndGlobalSection
	GlobalSection(ExtensibilityGlobals) = postSolution
		SolutionGuid = {41086494-857F-4919-A2B3-A700010FB53C}
	EndGlobalSection
EndGlobal
